# This file is automatically @generated by Cargo.
# It is not intended for manual editing.
[[package]]
name = "autocfg"
version = "1.0.1"
source = "registry+https://github.com/rust-lang/crates.io-index"
checksum = "cdb031dd78e28731d87d56cc8ffef4a8f36ca26c38fe2de700543e627f8a464a"

[[package]]
name = "rs-cryptopals"
version = "0.1.0"
dependencies = [
 "substring",
]

[[package]]
name = "substring"
version = "1.4.0"
source = "registry+https://github.com/rust-lang/crates.io-index"
checksum = "134bb6744b6f5e4cf735bf590fd987c710600fb95db9af3be36491dea326b69b"
dependencies = [
 "autocfg",
]
